// !$*UTF8*$!
{
	archiveVersion = 1;
	classes = {
	};
	objectVersion = 56;
	objects = {

/* Begin PBXBuildFile section */
		344B35CE2D1A5886006499FE /* NedsBannerView.swift in Sources */ = {isa = PBXBuildFile; fileRef = 344B35CD2D1A5886006499FE /* NedsBannerView.swift */; };
		344B35CF2D1A5886006499FE /* NedsBannerView.swift in Sources */ = {isa = PBXBuildFile; fileRef = 344B35CD2D1A5886006499FE /* NedsBannerView.swift */; };
		344B35D22D1A642D006499FE /* race_summary_mock.json in Resources */ = {isa = PBXBuildFile; fileRef = 344B35D12D1A641E006499FE /* race_summary_mock.json */; };
		344B35D32D1A642D006499FE /* race_summary_mock.json in Resources */ = {isa = PBXBuildFile; fileRef = 344B35D12D1A641E006499FE /* race_summary_mock.json */; };
		344B35D72D1A653A006499FE /* JsonFileDecoder.swift in Sources */ = {isa = PBXBuildFile; fileRef = 344B35D62D1A6526006499FE /* JsonFileDecoder.swift */; };
		344B35D82D1A653A006499FE /* JsonFileDecoder.swift in Sources */ = {isa = PBXBuildFile; fileRef = 344B35D62D1A6526006499FE /* JsonFileDecoder.swift */; };
		344B35DA2D1A6E31006499FE /* NedsSpinnerView.swift in Sources */ = {isa = PBXBuildFile; fileRef = 344B35D92D1A6E31006499FE /* NedsSpinnerView.swift */; };
		344B35DB2D1A6E31006499FE /* NedsSpinnerView.swift in Sources */ = {isa = PBXBuildFile; fileRef = 344B35D92D1A6E31006499FE /* NedsSpinnerView.swift */; };
		344B35DD2D1A6FB2006499FE /* listing_respose_mock.json in Resources */ = {isa = PBXBuildFile; fileRef = 344B35DC2D1A6F9A006499FE /* listing_respose_mock.json */; };
		344B35DE2D1A6FB2006499FE /* listing_respose_mock.json in Resources */ = {isa = PBXBuildFile; fileRef = 344B35DC2D1A6F9A006499FE /* listing_respose_mock.json */; };
		344B35E42D1A8B4C006499FE /* NedsRaceListingView.swift in Sources */ = {isa = PBXBuildFile; fileRef = 344B35E32D1A8B4C006499FE /* NedsRaceListingView.swift */; };
		344B35E52D1A8B4C006499FE /* NedsRaceListingView.swift in Sources */ = {isa = PBXBuildFile; fileRef = 344B35E32D1A8B4C006499FE /* NedsRaceListingView.swift */; };
		344B35E82D1A907B006499FE /* NedsRaceSubtitleView.swift in Sources */ = {isa = PBXBuildFile; fileRef = 344B35E72D1A9071006499FE /* NedsRaceSubtitleView.swift */; };
		344B35E92D1A907B006499FE /* NedsRaceSubtitleView.swift in Sources */ = {isa = PBXBuildFile; fileRef = 344B35E72D1A9071006499FE /* NedsRaceSubtitleView.swift */; };
		344B35EB2D1A9086006499FE /* NedsRaceTitleView.swift in Sources */ = {isa = PBXBuildFile; fileRef = 344B35EA2D1A907F006499FE /* NedsRaceTitleView.swift */; };
		344B35EC2D1A9086006499FE /* NedsRaceTitleView.swift in Sources */ = {isa = PBXBuildFile; fileRef = 344B35EA2D1A907F006499FE /* NedsRaceTitleView.swift */; };
		344B35EE2D1A90EA006499FE /* NedsRaceCountdownView.swift in Sources */ = {isa = PBXBuildFile; fileRef = 344B35ED2D1A90DF006499FE /* NedsRaceCountdownView.swift */; };
		344B35EF2D1A90EA006499FE /* NedsRaceCountdownView.swift in Sources */ = {isa = PBXBuildFile; fileRef = 344B35ED2D1A90DF006499FE /* NedsRaceCountdownView.swift */; };
		34C5CA6C2D1AA6DB003E7816 /* NedsLaunchScreen.storyboard in Resources */ = {isa = PBXBuildFile; fileRef = 34C5CA6B2D1AA6DB003E7816 /* NedsLaunchScreen.storyboard */; };
		34C5CA6D2D1AA6DB003E7816 /* NedsLaunchScreen.storyboard in Resources */ = {isa = PBXBuildFile; fileRef = 34C5CA6B2D1AA6DB003E7816 /* NedsLaunchScreen.storyboard */; };
		760733A12D1AD2AC00148F43 /* api_response.json in Resources */ = {isa = PBXBuildFile; fileRef = 760733A02D1AD27700148F43 /* api_response.json */; };
		7634A1332D1A0D07001FAD36 /* MockAPIProvider.swift in Sources */ = {isa = PBXBuildFile; fileRef = 7634A1322D1A0D07001FAD36 /* MockAPIProvider.swift */; };
		76E8CA132D1A1CA40077B95B /* AppColors.swift in Sources */ = {isa = PBXBuildFile; fileRef = 767931C62D15AD2D00D99D92 /* AppColors.swift */; };
		76E8CA142D1A1CA50077B95B /* AppColors.swift in Sources */ = {isa = PBXBuildFile; fileRef = 767931C62D15AD2D00D99D92 /* AppColors.swift */; };
		76E8CA152D1A1CA90077B95B /* RaceSummary.swift in Sources */ = {isa = PBXBuildFile; fileRef = 767931B52D14D42300D99D92 /* RaceSummary.swift */; };
		76E8CA162D1A1CAB0077B95B /* RaceSummary.swift in Sources */ = {isa = PBXBuildFile; fileRef = 767931B52D14D42300D99D92 /* RaceSummary.swift */; };
		76E8CA172D1A1CC20077B95B /* CountdownManager.swift in Sources */ = {isa = PBXBuildFile; fileRef = 7634A1222D169A7A001FAD36 /* CountdownManager.swift */; };
		76E8CA182D1A1CC20077B95B /* ListingViewModel.swift in Sources */ = {isa = PBXBuildFile; fileRef = 767931B22D14D32F00D99D92 /* ListingViewModel.swift */; };
		76E8CA192D1A1CC20077B95B /* NedsRaceItemView.swift in Sources */ = {isa = PBXBuildFile; fileRef = 767931BB2D158BCE00D99D92 /* NedsRaceItemView.swift */; };
		76E8CA1A2D1A1CC20077B95B /* APIProtocol.swift in Sources */ = {isa = PBXBuildFile; fileRef = 7679319F2D14C4B900D99D92 /* APIProtocol.swift */; };
		76E8CA1B2D1A1CC20077B95B /* NedsListingView.swift in Sources */ = {isa = PBXBuildFile; fileRef = 767931B72D14D68600D99D92 /* NedsListingView.swift */; };
		76E8CA1C2D1A1CC20077B95B /* NedsCheckboxView.swift in Sources */ = {isa = PBXBuildFile; fileRef = 767931C22D15A4D300D99D92 /* NedsCheckboxView.swift */; };
		76E8CA1D2D1A1CC20077B95B /* NedsRacingService.swift in Sources */ = {isa = PBXBuildFile; fileRef = 767931AB2D14D07400D99D92 /* NedsRacingService.swift */; };
		76E8CA1E2D1A1CC20077B95B /* NedsRaceSelectionView.swift in Sources */ = {isa = PBXBuildFile; fileRef = 767931C02D15A37200D99D92 /* NedsRaceSelectionView.swift */; };
		76E8CA1F2D1A1CC20077B95B /* HTTPMethod.swift in Sources */ = {isa = PBXBuildFile; fileRef = 7679319A2D14BF4000D99D92 /* HTTPMethod.swift */; };
		76E8CA202D1A1CC20077B95B /* NedsAPIError.swift in Sources */ = {isa = PBXBuildFile; fileRef = 767931902D14510A00D99D92 /* NedsAPIError.swift */; };
		76E8CA212D1A1CC20077B95B /* NedsListingEndpoint.swift in Sources */ = {isa = PBXBuildFile; fileRef = 7679319C2D14BFE100D99D92 /* NedsListingEndpoint.swift */; };
		76E8CA232D1A1CC20077B95B /* NedsURLSessionClient.swift in Sources */ = {isa = PBXBuildFile; fileRef = 767931A22D14C5B800D99D92 /* NedsURLSessionClient.swift */; };
		76E8CA242D1A1CC20077B95B /* APIEndpoint.swift in Sources */ = {isa = PBXBuildFile; fileRef = 767931972D14BF1400D99D92 /* APIEndpoint.swift */; };
		76E8CA252D1A1CC20077B95B /* NedsApp.swift in Sources */ = {isa = PBXBuildFile; fileRef = 767931812D143E7700D99D92 /* NedsApp.swift */; };
		76E8CA262D1A1CC20077B95B /* CountdownManager.swift in Sources */ = {isa = PBXBuildFile; fileRef = 7634A1222D169A7A001FAD36 /* CountdownManager.swift */; };
		76E8CA272D1A1CC20077B95B /* ListingViewModel.swift in Sources */ = {isa = PBXBuildFile; fileRef = 767931B22D14D32F00D99D92 /* ListingViewModel.swift */; };
		76E8CA282D1A1CC20077B95B /* NedsRaceItemView.swift in Sources */ = {isa = PBXBuildFile; fileRef = 767931BB2D158BCE00D99D92 /* NedsRaceItemView.swift */; };
		76E8CA292D1A1CC20077B95B /* APIProtocol.swift in Sources */ = {isa = PBXBuildFile; fileRef = 7679319F2D14C4B900D99D92 /* APIProtocol.swift */; };
		76E8CA2A2D1A1CC20077B95B /* NedsListingView.swift in Sources */ = {isa = PBXBuildFile; fileRef = 767931B72D14D68600D99D92 /* NedsListingView.swift */; };
		76E8CA2B2D1A1CC20077B95B /* NedsCheckboxView.swift in Sources */ = {isa = PBXBuildFile; fileRef = 767931C22D15A4D300D99D92 /* NedsCheckboxView.swift */; };
		76E8CA2C2D1A1CC20077B95B /* NedsRacingService.swift in Sources */ = {isa = PBXBuildFile; fileRef = 767931AB2D14D07400D99D92 /* NedsRacingService.swift */; };
		76E8CA2D2D1A1CC20077B95B /* NedsRaceSelectionView.swift in Sources */ = {isa = PBXBuildFile; fileRef = 767931C02D15A37200D99D92 /* NedsRaceSelectionView.swift */; };
		76E8CA2E2D1A1CC20077B95B /* HTTPMethod.swift in Sources */ = {isa = PBXBuildFile; fileRef = 7679319A2D14BF4000D99D92 /* HTTPMethod.swift */; };
		76E8CA2F2D1A1CC20077B95B /* NedsAPIError.swift in Sources */ = {isa = PBXBuildFile; fileRef = 767931902D14510A00D99D92 /* NedsAPIError.swift */; };
		76E8CA302D1A1CC20077B95B /* NedsListingEndpoint.swift in Sources */ = {isa = PBXBuildFile; fileRef = 7679319C2D14BFE100D99D92 /* NedsListingEndpoint.swift */; };
		76E8CA322D1A1CC20077B95B /* NedsURLSessionClient.swift in Sources */ = {isa = PBXBuildFile; fileRef = 767931A22D14C5B800D99D92 /* NedsURLSessionClient.swift */; };
		76E8CA332D1A1CC20077B95B /* APIEndpoint.swift in Sources */ = {isa = PBXBuildFile; fileRef = 767931972D14BF1400D99D92 /* APIEndpoint.swift */; };
		76E8CA342D1A1CC20077B95B /* NedsApp.swift in Sources */ = {isa = PBXBuildFile; fileRef = 767931812D143E7700D99D92 /* NedsApp.swift */; };
		76E8CA352D1A1CC90077B95B /* Preview Assets.xcassets in Resources */ = {isa = PBXBuildFile; fileRef = 767931882D143E7900D99D92 /* Preview Assets.xcassets */; };
		76E8CA362D1A1CCA0077B95B /* Preview Assets.xcassets in Resources */ = {isa = PBXBuildFile; fileRef = 767931882D143E7900D99D92 /* Preview Assets.xcassets */; };
		76E8CA372D1A1CFD0077B95B /* Assets.xcassets in Resources */ = {isa = PBXBuildFile; fileRef = 767931852D143E7900D99D92 /* Assets.xcassets */; };
		76E8CA382D1A1CFD0077B95B /* Assets.xcassets in Resources */ = {isa = PBXBuildFile; fileRef = 767931852D143E7900D99D92 /* Assets.xcassets */; };
		76E8CA392D1A1D120077B95B /* AppFonts.swift in Sources */ = {isa = PBXBuildFile; fileRef = 767931BE2D159BED00D99D92 /* AppFonts.swift */; };
		76E8CA3A2D1A1D130077B95B /* AppFonts.swift in Sources */ = {isa = PBXBuildFile; fileRef = 767931BE2D159BED00D99D92 /* AppFonts.swift */; };
		76E8CA422D1A232E0077B95B /* APIProtocolTests.swift in Sources */ = {isa = PBXBuildFile; fileRef = 76E8CA412D1A232E0077B95B /* APIProtocolTests.swift */; };
		76F979E62D1A37F6006539FA /* MockEndpoint.swift in Sources */ = {isa = PBXBuildFile; fileRef = 76F979E52D1A37EF006539FA /* MockEndpoint.swift */; };
		76F979E82D1A3831006539FA /* APIEndpointTests.swift in Sources */ = {isa = PBXBuildFile; fileRef = 76F979E72D1A3831006539FA /* APIEndpointTests.swift */; };
		76F979EA2D1A4729006539FA /* NedsErrorView.swift in Sources */ = {isa = PBXBuildFile; fileRef = 76F979E92D1A4729006539FA /* NedsErrorView.swift */; };
		76F979EB2D1A4729006539FA /* NedsErrorView.swift in Sources */ = {isa = PBXBuildFile; fileRef = 76F979E92D1A4729006539FA /* NedsErrorView.swift */; };
/* End PBXBuildFile section */

/* Begin PBXContainerItemProxy section */
		76E8CA3B2D1A1DEA0077B95B /* PBXContainerItemProxy */ = {
			isa = PBXContainerItemProxy;
			containerPortal = 767931762D143E7700D99D92 /* Project object */;
			proxyType = 1;
			remoteGlobalIDString = 7634A1982D1A1655001FAD36;
			remoteInfo = NedsDevelopment;
		};
/* End PBXContainerItemProxy section */

/* Begin PBXFileReference section */
		344B35CD2D1A5886006499FE /* NedsBannerView.swift */ = {isa = PBXFileReference; lastKnownFileType = sourcecode.swift; path = NedsBannerView.swift; sourceTree = "<group>"; };
		344B35D12D1A641E006499FE /* race_summary_mock.json */ = {isa = PBXFileReference; lastKnownFileType = text.json; path = race_summary_mock.json; sourceTree = "<group>"; };
		344B35D62D1A6526006499FE /* JsonFileDecoder.swift */ = {isa = PBXFileReference; lastKnownFileType = sourcecode.swift; path = JsonFileDecoder.swift; sourceTree = "<group>"; };
		344B35D92D1A6E31006499FE /* NedsSpinnerView.swift */ = {isa = PBXFileReference; lastKnownFileType = sourcecode.swift; path = NedsSpinnerView.swift; sourceTree = "<group>"; };
		344B35DC2D1A6F9A006499FE /* listing_respose_mock.json */ = {isa = PBXFileReference; lastKnownFileType = text.json; path = listing_respose_mock.json; sourceTree = "<group>"; };
		344B35E32D1A8B4C006499FE /* NedsRaceListingView.swift */ = {isa = PBXFileReference; lastKnownFileType = sourcecode.swift; path = NedsRaceListingView.swift; sourceTree = "<group>"; };
		344B35E72D1A9071006499FE /* NedsRaceSubtitleView.swift */ = {isa = PBXFileReference; lastKnownFileType = sourcecode.swift; path = NedsRaceSubtitleView.swift; sourceTree = "<group>"; };
		344B35EA2D1A907F006499FE /* NedsRaceTitleView.swift */ = {isa = PBXFileReference; lastKnownFileType = sourcecode.swift; path = NedsRaceTitleView.swift; sourceTree = "<group>"; };
		344B35ED2D1A90DF006499FE /* NedsRaceCountdownView.swift */ = {isa = PBXFileReference; lastKnownFileType = sourcecode.swift; path = NedsRaceCountdownView.swift; sourceTree = "<group>"; };
		34C5CA6B2D1AA6DB003E7816 /* NedsLaunchScreen.storyboard */ = {isa = PBXFileReference; lastKnownFileType = file.storyboard; path = NedsLaunchScreen.storyboard; sourceTree = "<group>"; };
		760733A02D1AD27700148F43 /* api_response.json */ = {isa = PBXFileReference; lastKnownFileType = text.json; path = api_response.json; sourceTree = "<group>"; };
		7634A1222D169A7A001FAD36 /* CountdownManager.swift */ = {isa = PBXFileReference; lastKnownFileType = sourcecode.swift; path = CountdownManager.swift; sourceTree = "<group>"; };
		7634A1282D18CD2D001FAD36 /* NedsTests.xctest */ = {isa = PBXFileReference; explicitFileType = wrapper.cfbundle; includeInIndex = 0; path = NedsTests.xctest; sourceTree = BUILT_PRODUCTS_DIR; };
		7634A1322D1A0D07001FAD36 /* MockAPIProvider.swift */ = {isa = PBXFileReference; lastKnownFileType = sourcecode.swift; path = MockAPIProvider.swift; sourceTree = "<group>"; };
		7634A1992D1A1655001FAD36 /* NedsDevelopment.app */ = {isa = PBXFileReference; explicitFileType = wrapper.application; includeInIndex = 0; path = NedsDevelopment.app; sourceTree = BUILT_PRODUCTS_DIR; };
		7634A1AB2D1A1676001FAD36 /* NedsProduction.app */ = {isa = PBXFileReference; explicitFileType = wrapper.application; includeInIndex = 0; path = NedsProduction.app; sourceTree = BUILT_PRODUCTS_DIR; };
		767931812D143E7700D99D92 /* NedsApp.swift */ = {isa = PBXFileReference; lastKnownFileType = sourcecode.swift; path = NedsApp.swift; sourceTree = "<group>"; };
		767931852D143E7900D99D92 /* Assets.xcassets */ = {isa = PBXFileReference; lastKnownFileType = folder.assetcatalog; path = Assets.xcassets; sourceTree = "<group>"; };
		767931882D143E7900D99D92 /* Preview Assets.xcassets */ = {isa = PBXFileReference; lastKnownFileType = folder.assetcatalog; path = "Preview Assets.xcassets"; sourceTree = "<group>"; };
		767931902D14510A00D99D92 /* NedsAPIError.swift */ = {isa = PBXFileReference; lastKnownFileType = sourcecode.swift; path = NedsAPIError.swift; sourceTree = "<group>"; };
		767931972D14BF1400D99D92 /* APIEndpoint.swift */ = {isa = PBXFileReference; lastKnownFileType = sourcecode.swift; path = APIEndpoint.swift; sourceTree = "<group>"; };
		7679319A2D14BF4000D99D92 /* HTTPMethod.swift */ = {isa = PBXFileReference; lastKnownFileType = sourcecode.swift; path = HTTPMethod.swift; sourceTree = "<group>"; };
		7679319C2D14BFE100D99D92 /* NedsListingEndpoint.swift */ = {isa = PBXFileReference; lastKnownFileType = sourcecode.swift; path = NedsListingEndpoint.swift; sourceTree = "<group>"; };
		7679319F2D14C4B900D99D92 /* APIProtocol.swift */ = {isa = PBXFileReference; lastKnownFileType = sourcecode.swift; path = APIProtocol.swift; sourceTree = "<group>"; };
		767931A22D14C5B800D99D92 /* NedsURLSessionClient.swift */ = {isa = PBXFileReference; lastKnownFileType = sourcecode.swift; path = NedsURLSessionClient.swift; sourceTree = "<group>"; };
		767931AB2D14D07400D99D92 /* NedsRacingService.swift */ = {isa = PBXFileReference; lastKnownFileType = sourcecode.swift; path = NedsRacingService.swift; sourceTree = "<group>"; };
		767931B22D14D32F00D99D92 /* ListingViewModel.swift */ = {isa = PBXFileReference; lastKnownFileType = sourcecode.swift; path = ListingViewModel.swift; sourceTree = "<group>"; };
		767931B52D14D42300D99D92 /* RaceSummary.swift */ = {isa = PBXFileReference; lastKnownFileType = sourcecode.swift; path = RaceSummary.swift; sourceTree = "<group>"; };
		767931B72D14D68600D99D92 /* NedsListingView.swift */ = {isa = PBXFileReference; lastKnownFileType = sourcecode.swift; path = NedsListingView.swift; sourceTree = "<group>"; };
		767931BB2D158BCE00D99D92 /* NedsRaceItemView.swift */ = {isa = PBXFileReference; lastKnownFileType = sourcecode.swift; path = NedsRaceItemView.swift; sourceTree = "<group>"; };
		767931BE2D159BED00D99D92 /* AppFonts.swift */ = {isa = PBXFileReference; lastKnownFileType = sourcecode.swift; path = AppFonts.swift; sourceTree = "<group>"; };
		767931C02D15A37200D99D92 /* NedsRaceSelectionView.swift */ = {isa = PBXFileReference; lastKnownFileType = sourcecode.swift; path = NedsRaceSelectionView.swift; sourceTree = "<group>"; };
		767931C22D15A4D300D99D92 /* NedsCheckboxView.swift */ = {isa = PBXFileReference; lastKnownFileType = sourcecode.swift; path = NedsCheckboxView.swift; sourceTree = "<group>"; };
		767931C62D15AD2D00D99D92 /* AppColors.swift */ = {isa = PBXFileReference; lastKnownFileType = sourcecode.swift; path = AppColors.swift; sourceTree = "<group>"; };
		76E8CA412D1A232E0077B95B /* APIProtocolTests.swift */ = {isa = PBXFileReference; fileEncoding = 4; lastKnownFileType = sourcecode.swift; path = APIProtocolTests.swift; sourceTree = "<group>"; };
		76F979E52D1A37EF006539FA /* MockEndpoint.swift */ = {isa = PBXFileReference; lastKnownFileType = sourcecode.swift; path = MockEndpoint.swift; sourceTree = "<group>"; };
		76F979E72D1A3831006539FA /* APIEndpointTests.swift */ = {isa = PBXFileReference; lastKnownFileType = sourcecode.swift; path = APIEndpointTests.swift; sourceTree = "<group>"; };
		76F979E92D1A4729006539FA /* NedsErrorView.swift */ = {isa = PBXFileReference; lastKnownFileType = sourcecode.swift; path = NedsErrorView.swift; sourceTree = "<group>"; };
/* End PBXFileReference section */

/* Begin PBXFrameworksBuildPhase section */
		7634A1252D18CD2D001FAD36 /* Frameworks */ = {
			isa = PBXFrameworksBuildPhase;
			buildActionMask = 2147483647;
			files = (
			);
			runOnlyForDeploymentPostprocessing = 0;
		};
		7634A1962D1A1655001FAD36 /* Frameworks */ = {
			isa = PBXFrameworksBuildPhase;
			buildActionMask = 2147483647;
			files = (
			);
			runOnlyForDeploymentPostprocessing = 0;
		};
		7634A1A82D1A1676001FAD36 /* Frameworks */ = {
			isa = PBXFrameworksBuildPhase;
			buildActionMask = 2147483647;
			files = (
			);
			runOnlyForDeploymentPostprocessing = 0;
		};
/* End PBXFrameworksBuildPhase section */

/* Begin PBXGroup section */
		344B35D02D1A6412006499FE /* Mocks */ = {
			isa = PBXGroup;
			children = (
				344B35DC2D1A6F9A006499FE /* listing_respose_mock.json */,
				344B35D12D1A641E006499FE /* race_summary_mock.json */,
			);
			path = Mocks;
			sourceTree = "<group>";
		};
		344B35D52D1A6519006499FE /* Helpers */ = {
			isa = PBXGroup;
			children = (
				344B35D62D1A6526006499FE /* JsonFileDecoder.swift */,
			);
			path = Helpers;
			sourceTree = "<group>";
		};
		344B35E62D1A901F006499FE /* RaceItemView */ = {
			isa = PBXGroup;
			children = (
				344B35ED2D1A90DF006499FE /* NedsRaceCountdownView.swift */,
				344B35EA2D1A907F006499FE /* NedsRaceTitleView.swift */,
				344B35E72D1A9071006499FE /* NedsRaceSubtitleView.swift */,
				767931BB2D158BCE00D99D92 /* NedsRaceItemView.swift */,
			);
			path = RaceItemView;
			sourceTree = "<group>";
		};
		34C5CA5D2D1AA2F0003E7816 /* Frameworks */ = {
			isa = PBXGroup;
			children = (
			);
			name = Frameworks;
			sourceTree = "<group>";
		};
		34C5CA6A2D1AA6C2003E7816 /* Launch */ = {
			isa = PBXGroup;
			children = (
				34C5CA6B2D1AA6DB003E7816 /* NedsLaunchScreen.storyboard */,
			);
			path = Launch;
			sourceTree = "<group>";
		};
		7634A1292D18CD2D001FAD36 /* NedsTests */ = {
			isa = PBXGroup;
			children = (
				760733A02D1AD27700148F43 /* api_response.json */,
				7634A1342D1A0D52001FAD36 /* Tests */,
				7634A1312D1A0CCA001FAD36 /* Mocks */,
			);
			path = NedsTests;
			sourceTree = "<group>";
		};
		7634A1312D1A0CCA001FAD36 /* Mocks */ = {
			isa = PBXGroup;
			children = (
				76F979E52D1A37EF006539FA /* MockEndpoint.swift */,
				7634A1322D1A0D07001FAD36 /* MockAPIProvider.swift */,
			);
			path = Mocks;
			sourceTree = "<group>";
		};
		7634A1342D1A0D52001FAD36 /* Tests */ = {
			isa = PBXGroup;
			children = (
				76E8CA412D1A232E0077B95B /* APIProtocolTests.swift */,
				76F979E72D1A3831006539FA /* APIEndpointTests.swift */,
			);
			path = Tests;
			sourceTree = "<group>";
		};
		767931752D143E7700D99D92 = {
			isa = PBXGroup;
			children = (
				767931802D143E7700D99D92 /* Neds */,
				7634A1292D18CD2D001FAD36 /* NedsTests */,
				34C5CA5D2D1AA2F0003E7816 /* Frameworks */,
				7679317F2D143E7700D99D92 /* Products */,
			);
			sourceTree = "<group>";
		};
		7679317F2D143E7700D99D92 /* Products */ = {
			isa = PBXGroup;
			children = (
				7634A1282D18CD2D001FAD36 /* NedsTests.xctest */,
				7634A1992D1A1655001FAD36 /* NedsDevelopment.app */,
				7634A1AB2D1A1676001FAD36 /* NedsProduction.app */,
			);
			name = Products;
			sourceTree = "<group>";
		};
		767931802D143E7700D99D92 /* Neds */ = {
			isa = PBXGroup;
			children = (
				344B35D52D1A6519006499FE /* Helpers */,
				344B35D02D1A6412006499FE /* Mocks */,
				767931BD2D159BDD00D99D92 /* Styles */,
				767931B42D14D40D00D99D92 /* Models */,
				767931AD2D14D19F00D99D92 /* Features */,
				7679318F2D1450D700D99D92 /* NedsAPIService */,
				767931812D143E7700D99D92 /* NedsApp.swift */,
				767931852D143E7900D99D92 /* Assets.xcassets */,
				767931872D143E7900D99D92 /* Preview Content */,
			);
			path = Neds;
			sourceTree = "<group>";
		};
		767931872D143E7900D99D92 /* Preview Content */ = {
			isa = PBXGroup;
			children = (
				767931882D143E7900D99D92 /* Preview Assets.xcassets */,
			);
			path = "Preview Content";
			sourceTree = "<group>";
		};
		7679318F2D1450D700D99D92 /* NedsAPIService */ = {
			isa = PBXGroup;
			children = (
				767931AA2D14D05C00D99D92 /* Services */,
				767931A12D14C59400D99D92 /* Classes */,
				7679319E2D14BFF300D99D92 /* Endpoints */,
				767931992D14BF3000D99D92 /* Enums */,
				767931962D14BEFC00D99D92 /* Protocols */,
			);
			path = NedsAPIService;
			sourceTree = "<group>";
		};
		767931962D14BEFC00D99D92 /* Protocols */ = {
			isa = PBXGroup;
			children = (
				767931972D14BF1400D99D92 /* APIEndpoint.swift */,
				7679319F2D14C4B900D99D92 /* APIProtocol.swift */,
			);
			path = Protocols;
			sourceTree = "<group>";
		};
		767931992D14BF3000D99D92 /* Enums */ = {
			isa = PBXGroup;
			children = (
				767931902D14510A00D99D92 /* NedsAPIError.swift */,
				7679319A2D14BF4000D99D92 /* HTTPMethod.swift */,
			);
			path = Enums;
			sourceTree = "<group>";
		};
		7679319E2D14BFF300D99D92 /* Endpoints */ = {
			isa = PBXGroup;
			children = (
				7679319C2D14BFE100D99D92 /* NedsListingEndpoint.swift */,
			);
			path = Endpoints;
			sourceTree = "<group>";
		};
		767931A12D14C59400D99D92 /* Classes */ = {
			isa = PBXGroup;
			children = (
				767931A22D14C5B800D99D92 /* NedsURLSessionClient.swift */,
				7634A1222D169A7A001FAD36 /* CountdownManager.swift */,
			);
			path = Classes;
			sourceTree = "<group>";
		};
		767931AA2D14D05C00D99D92 /* Services */ = {
			isa = PBXGroup;
			children = (
				767931AB2D14D07400D99D92 /* NedsRacingService.swift */,
			);
			path = Services;
			sourceTree = "<group>";
		};
		767931AD2D14D19F00D99D92 /* Features */ = {
			isa = PBXGroup;
			children = (
				34C5CA6A2D1AA6C2003E7816 /* Launch */,
				767931AE2D14D2D500D99D92 /* Listing */,
			);
			path = Features;
			sourceTree = "<group>";
		};
		767931AE2D14D2D500D99D92 /* Listing */ = {
			isa = PBXGroup;
			children = (
				767931B12D14D2EA00D99D92 /* ViewModels */,
				767931B02D14D2E400D99D92 /* Views */,
			);
			path = Listing;
			sourceTree = "<group>";
		};
		767931B02D14D2E400D99D92 /* Views */ = {
			isa = PBXGroup;
			children = (
				344B35E62D1A901F006499FE /* RaceItemView */,
				767931B72D14D68600D99D92 /* NedsListingView.swift */,
				767931C02D15A37200D99D92 /* NedsRaceSelectionView.swift */,
				767931C22D15A4D300D99D92 /* NedsCheckboxView.swift */,
				76F979E92D1A4729006539FA /* NedsErrorView.swift */,
				344B35CD2D1A5886006499FE /* NedsBannerView.swift */,
				344B35D92D1A6E31006499FE /* NedsSpinnerView.swift */,
				344B35E32D1A8B4C006499FE /* NedsRaceListingView.swift */,
			);
			path = Views;
			sourceTree = "<group>";
		};
		767931B12D14D2EA00D99D92 /* ViewModels */ = {
			isa = PBXGroup;
			children = (
				767931B22D14D32F00D99D92 /* ListingViewModel.swift */,
			);
			path = ViewModels;
			sourceTree = "<group>";
		};
		767931B42D14D40D00D99D92 /* Models */ = {
			isa = PBXGroup;
			children = (
				767931B52D14D42300D99D92 /* RaceSummary.swift */,
			);
			path = Models;
			sourceTree = "<group>";
		};
		767931BD2D159BDD00D99D92 /* Styles */ = {
			isa = PBXGroup;
			children = (
				767931BE2D159BED00D99D92 /* AppFonts.swift */,
				767931C62D15AD2D00D99D92 /* AppColors.swift */,
			);
			path = Styles;
			sourceTree = "<group>";
		};
/* End PBXGroup section */

/* Begin PBXNativeTarget section */
		7634A1272D18CD2D001FAD36 /* NedsTests */ = {
			isa = PBXNativeTarget;
			buildConfigurationList = 7634A12E2D18CD2D001FAD36 /* Build configuration list for PBXNativeTarget "NedsTests" */;
			buildPhases = (
				7634A1242D18CD2D001FAD36 /* Sources */,
				7634A1252D18CD2D001FAD36 /* Frameworks */,
				7634A1262D18CD2D001FAD36 /* Resources */,
			);
			buildRules = (
			);
			dependencies = (
				76E8CA3C2D1A1DEA0077B95B /* PBXTargetDependency */,
			);
			name = NedsTests;
			productName = NedsTests;
			productReference = 7634A1282D18CD2D001FAD36 /* NedsTests.xctest */;
			productType = "com.apple.product-type.bundle.unit-test";
		};
		7634A1982D1A1655001FAD36 /* NedsDevelopment */ = {
			isa = PBXNativeTarget;
			buildConfigurationList = 7634A1A42D1A1657001FAD36 /* Build configuration list for PBXNativeTarget "NedsDevelopment" */;
			buildPhases = (
				7634A1952D1A1655001FAD36 /* Sources */,
				7634A1962D1A1655001FAD36 /* Frameworks */,
				7634A1972D1A1655001FAD36 /* Resources */,
			);
			buildRules = (
			);
			dependencies = (
			);
			name = NedsDevelopment;
			productName = NedsDevelopment;
			productReference = 7634A1992D1A1655001FAD36 /* NedsDevelopment.app */;
			productType = "com.apple.product-type.application";
		};
		7634A1AA2D1A1676001FAD36 /* NedsProduction */ = {
			isa = PBXNativeTarget;
			buildConfigurationList = 7634A1B62D1A1677001FAD36 /* Build configuration list for PBXNativeTarget "NedsProduction" */;
			buildPhases = (
				7634A1A72D1A1676001FAD36 /* Sources */,
				7634A1A82D1A1676001FAD36 /* Frameworks */,
				7634A1A92D1A1676001FAD36 /* Resources */,
			);
			buildRules = (
			);
			dependencies = (
			);
			name = NedsProduction;
			productName = NedsProduction;
			productReference = 7634A1AB2D1A1676001FAD36 /* NedsProduction.app */;
			productType = "com.apple.product-type.application";
		};
/* End PBXNativeTarget section */

/* Begin PBXProject section */
		767931762D143E7700D99D92 /* Project object */ = {
			isa = PBXProject;
			attributes = {
				BuildIndependentTargetsInParallel = 1;
				LastSwiftUpdateCheck = 1500;
				LastUpgradeCheck = 1500;
				TargetAttributes = {
					7634A1272D18CD2D001FAD36 = {
						CreatedOnToolsVersion = 15.0.1;
						TestTargetID = 7634A1982D1A1655001FAD36;
					};
					7634A1982D1A1655001FAD36 = {
						CreatedOnToolsVersion = 15.0.1;
					};
					7634A1AA2D1A1676001FAD36 = {
						CreatedOnToolsVersion = 15.0.1;
					};
				};
			};
			buildConfigurationList = 767931792D143E7700D99D92 /* Build configuration list for PBXProject "Neds" */;
			compatibilityVersion = "Xcode 14.0";
			developmentRegion = en;
			hasScannedForEncodings = 0;
			knownRegions = (
				en,
				Base,
			);
			mainGroup = 767931752D143E7700D99D92;
			packageReferences = (
			);
			productRefGroup = 7679317F2D143E7700D99D92 /* Products */;
			projectDirPath = "";
			projectRoot = "";
			targets = (
				7634A1272D18CD2D001FAD36 /* NedsTests */,
				7634A1982D1A1655001FAD36 /* NedsDevelopment */,
				7634A1AA2D1A1676001FAD36 /* NedsProduction */,
			);
		};
/* End PBXProject section */

/* Begin PBXResourcesBuildPhase section */
		7634A1262D18CD2D001FAD36 /* Resources */ = {
			isa = PBXResourcesBuildPhase;
			buildActionMask = 2147483647;
			files = (
				760733A12D1AD2AC00148F43 /* api_response.json in Resources */,
			);
			runOnlyForDeploymentPostprocessing = 0;
		};
		7634A1972D1A1655001FAD36 /* Resources */ = {
			isa = PBXResourcesBuildPhase;
			buildActionMask = 2147483647;
			files = (
				344B35DD2D1A6FB2006499FE /* listing_respose_mock.json in Resources */,
				344B35D32D1A642D006499FE /* race_summary_mock.json in Resources */,
				34C5CA6C2D1AA6DB003E7816 /* NedsLaunchScreen.storyboard in Resources */,
				76E8CA372D1A1CFD0077B95B /* Assets.xcassets in Resources */,
				76E8CA352D1A1CC90077B95B /* Preview Assets.xcassets in Resources */,
			);
			runOnlyForDeploymentPostprocessing = 0;
		};
		7634A1A92D1A1676001FAD36 /* Resources */ = {
			isa = PBXResourcesBuildPhase;
			buildActionMask = 2147483647;
			files = (
				344B35DE2D1A6FB2006499FE /* listing_respose_mock.json in Resources */,
				344B35D22D1A642D006499FE /* race_summary_mock.json in Resources */,
				34C5CA6D2D1AA6DB003E7816 /* NedsLaunchScreen.storyboard in Resources */,
				76E8CA382D1A1CFD0077B95B /* Assets.xcassets in Resources */,
				76E8CA362D1A1CCA0077B95B /* Preview Assets.xcassets in Resources */,
			);
			runOnlyForDeploymentPostprocessing = 0;
		};
/* End PBXResourcesBuildPhase section */

/* Begin PBXSourcesBuildPhase section */
		7634A1242D18CD2D001FAD36 /* Sources */ = {
			isa = PBXSourcesBuildPhase;
			buildActionMask = 2147483647;
			files = (
				7634A1332D1A0D07001FAD36 /* MockAPIProvider.swift in Sources */,
				76F979E62D1A37F6006539FA /* MockEndpoint.swift in Sources */,
				76E8CA422D1A232E0077B95B /* APIProtocolTests.swift in Sources */,
				76F979E82D1A3831006539FA /* APIEndpointTests.swift in Sources */,
			);
			runOnlyForDeploymentPostprocessing = 0;
		};
		7634A1952D1A1655001FAD36 /* Sources */ = {
			isa = PBXSourcesBuildPhase;
			buildActionMask = 2147483647;
			files = (
				76E8CA1D2D1A1CC20077B95B /* NedsRacingService.swift in Sources */,
				76E8CA132D1A1CA40077B95B /* AppColors.swift in Sources */,
				76E8CA172D1A1CC20077B95B /* CountdownManager.swift in Sources */,
				76E8CA1F2D1A1CC20077B95B /* HTTPMethod.swift in Sources */,
				344B35EC2D1A9086006499FE /* NedsRaceTitleView.swift in Sources */,
				344B35D72D1A653A006499FE /* JsonFileDecoder.swift in Sources */,
				76E8CA152D1A1CA90077B95B /* RaceSummary.swift in Sources */,
				344B35EF2D1A90EA006499FE /* NedsRaceCountdownView.swift in Sources */,
				76E8CA1E2D1A1CC20077B95B /* NedsRaceSelectionView.swift in Sources */,
				76E8CA242D1A1CC20077B95B /* APIEndpoint.swift in Sources */,
				76E8CA212D1A1CC20077B95B /* NedsListingEndpoint.swift in Sources */,
				344B35E82D1A907B006499FE /* NedsRaceSubtitleView.swift in Sources */,
				344B35DA2D1A6E31006499FE /* NedsSpinnerView.swift in Sources */,
				76E8CA1B2D1A1CC20077B95B /* NedsListingView.swift in Sources */,
				76E8CA202D1A1CC20077B95B /* NedsAPIError.swift in Sources */,
				344B35E42D1A8B4C006499FE /* NedsRaceListingView.swift in Sources */,
				344B35CE2D1A5886006499FE /* NedsBannerView.swift in Sources */,
				76E8CA192D1A1CC20077B95B /* NedsRaceItemView.swift in Sources */,
				76E8CA392D1A1D120077B95B /* AppFonts.swift in Sources */,
				76E8CA252D1A1CC20077B95B /* NedsApp.swift in Sources */,
				76E8CA1C2D1A1CC20077B95B /* NedsCheckboxView.swift in Sources */,
				76E8CA1A2D1A1CC20077B95B /* APIProtocol.swift in Sources */,
				76F979EA2D1A4729006539FA /* NedsErrorView.swift in Sources */,
				76E8CA182D1A1CC20077B95B /* ListingViewModel.swift in Sources */,
				76E8CA232D1A1CC20077B95B /* NedsURLSessionClient.swift in Sources */,
			);
			runOnlyForDeploymentPostprocessing = 0;
		};
		7634A1A72D1A1676001FAD36 /* Sources */ = {
			isa = PBXSourcesBuildPhase;
			buildActionMask = 2147483647;
			files = (
				76E8CA2C2D1A1CC20077B95B /* NedsRacingService.swift in Sources */,
				76E8CA142D1A1CA50077B95B /* AppColors.swift in Sources */,
				76E8CA262D1A1CC20077B95B /* CountdownManager.swift in Sources */,
				76E8CA2E2D1A1CC20077B95B /* HTTPMethod.swift in Sources */,
				344B35EB2D1A9086006499FE /* NedsRaceTitleView.swift in Sources */,
				344B35D82D1A653A006499FE /* JsonFileDecoder.swift in Sources */,
				76E8CA162D1A1CAB0077B95B /* RaceSummary.swift in Sources */,
				344B35EE2D1A90EA006499FE /* NedsRaceCountdownView.swift in Sources */,
				76E8CA2D2D1A1CC20077B95B /* NedsRaceSelectionView.swift in Sources */,
				76E8CA332D1A1CC20077B95B /* APIEndpoint.swift in Sources */,
				76E8CA302D1A1CC20077B95B /* NedsListingEndpoint.swift in Sources */,
				344B35E92D1A907B006499FE /* NedsRaceSubtitleView.swift in Sources */,
				344B35DB2D1A6E31006499FE /* NedsSpinnerView.swift in Sources */,
				76E8CA2A2D1A1CC20077B95B /* NedsListingView.swift in Sources */,
				76E8CA2F2D1A1CC20077B95B /* NedsAPIError.swift in Sources */,
				344B35E52D1A8B4C006499FE /* NedsRaceListingView.swift in Sources */,
				344B35CF2D1A5886006499FE /* NedsBannerView.swift in Sources */,
				76E8CA282D1A1CC20077B95B /* NedsRaceItemView.swift in Sources */,
				76E8CA3A2D1A1D130077B95B /* AppFonts.swift in Sources */,
				76E8CA342D1A1CC20077B95B /* NedsApp.swift in Sources */,
				76E8CA2B2D1A1CC20077B95B /* NedsCheckboxView.swift in Sources */,
				76E8CA292D1A1CC20077B95B /* APIProtocol.swift in Sources */,
				76F979EB2D1A4729006539FA /* NedsErrorView.swift in Sources */,
				76E8CA272D1A1CC20077B95B /* ListingViewModel.swift in Sources */,
				76E8CA322D1A1CC20077B95B /* NedsURLSessionClient.swift in Sources */,
			);
			runOnlyForDeploymentPostprocessing = 0;
		};
/* End PBXSourcesBuildPhase section */

/* Begin PBXTargetDependency section */
		76E8CA3C2D1A1DEA0077B95B /* PBXTargetDependency */ = {
			isa = PBXTargetDependency;
			target = 7634A1982D1A1655001FAD36 /* NedsDevelopment */;
			targetProxy = 76E8CA3B2D1A1DEA0077B95B /* PBXContainerItemProxy */;
		};
/* End PBXTargetDependency section */

/* Begin XCBuildConfiguration section */
		7634A12F2D18CD2D001FAD36 /* Development */ = {
			isa = XCBuildConfiguration;
			buildSettings = {
				ALWAYS_SEARCH_USER_PATHS = NO;
				ASSETCATALOG_COMPILER_GENERATE_SWIFT_ASSET_SYMBOL_EXTENSIONS = YES;
				BUNDLE_LOADER = "$(TEST_HOST)";
				CLANG_ANALYZER_NONNULL = YES;
				CLANG_ANALYZER_NUMBER_OBJECT_CONVERSION = YES_AGGRESSIVE;
				CLANG_CXX_LANGUAGE_STANDARD = "gnu++20";
				CLANG_ENABLE_MODULES = YES;
				CLANG_ENABLE_OBJC_ARC = YES;
				CLANG_ENABLE_OBJC_WEAK = YES;
				CLANG_WARN_BLOCK_CAPTURE_AUTORELEASING = YES;
				CLANG_WARN_BOOL_CONVERSION = YES;
				CLANG_WARN_COMMA = YES;
				CLANG_WARN_CONSTANT_CONVERSION = YES;
				CLANG_WARN_DEPRECATED_OBJC_IMPLEMENTATIONS = YES;
				CLANG_WARN_DIRECT_OBJC_ISA_USAGE = YES_ERROR;
				CLANG_WARN_DOCUMENTATION_COMMENTS = YES;
				CLANG_WARN_EMPTY_BODY = YES;
				CLANG_WARN_ENUM_CONVERSION = YES;
				CLANG_WARN_INFINITE_RECURSION = YES;
				CLANG_WARN_INT_CONVERSION = YES;
				CLANG_WARN_NON_LITERAL_NULL_CONVERSION = YES;
				CLANG_WARN_OBJC_IMPLICIT_RETAIN_SELF = YES;
				CLANG_WARN_OBJC_LITERAL_CONVERSION = YES;
				CLANG_WARN_OBJC_ROOT_CLASS = YES_ERROR;
				CLANG_WARN_QUOTED_INCLUDE_IN_FRAMEWORK_HEADER = YES;
				CLANG_WARN_RANGE_LOOP_ANALYSIS = YES;
				CLANG_WARN_STRICT_PROTOTYPES = YES;
				CLANG_WARN_SUSPICIOUS_MOVE = YES;
				CLANG_WARN_UNGUARDED_AVAILABILITY = YES_AGGRESSIVE;
				CLANG_WARN_UNREACHABLE_CODE = YES;
				CLANG_WARN__DUPLICATE_METHOD_MATCH = YES;
				CODE_SIGN_STYLE = Automatic;
				COPY_PHASE_STRIP = NO;
				CURRENT_PROJECT_VERSION = 1;
				DEBUG_INFORMATION_FORMAT = dwarf;
				ENABLE_STRICT_OBJC_MSGSEND = YES;
				ENABLE_TESTABILITY = YES;
				ENABLE_USER_SCRIPT_SANDBOXING = YES;
				GCC_C_LANGUAGE_STANDARD = gnu17;
				GCC_DYNAMIC_NO_PIC = NO;
				GCC_NO_COMMON_BLOCKS = YES;
				GCC_OPTIMIZATION_LEVEL = 0;
				GCC_PREPROCESSOR_DEFINITIONS = (
					"DEBUG=1",
					"$(inherited)",
				);
				GCC_WARN_64_TO_32_BIT_CONVERSION = YES;
				GCC_WARN_ABOUT_RETURN_TYPE = YES_ERROR;
				GCC_WARN_UNDECLARED_SELECTOR = YES;
				GCC_WARN_UNINITIALIZED_AUTOS = YES_AGGRESSIVE;
				GCC_WARN_UNUSED_FUNCTION = YES;
				GCC_WARN_UNUSED_VARIABLE = YES;
				GENERATE_INFOPLIST_FILE = YES;
				IPHONEOS_DEPLOYMENT_TARGET = 18.0;
				LOCALIZATION_PREFERS_STRING_CATALOGS = YES;
				MACOSX_DEPLOYMENT_TARGET = 14.0;
				MARKETING_VERSION = 1.0;
				MTL_ENABLE_DEBUG_INFO = INCLUDE_SOURCE;
				MTL_FAST_MATH = YES;
				ONLY_ACTIVE_ARCH = YES;
				PRODUCT_BUNDLE_IDENTIFIER = com.test.NedsTests;
				PRODUCT_NAME = "$(TARGET_NAME)";
				SDKROOT = auto;
				SUPPORTED_PLATFORMS = "iphoneos iphonesimulator macosx";
				SWIFT_ACTIVE_COMPILATION_CONDITIONS = "DEBUG $(inherited)";
				SWIFT_EMIT_LOC_STRINGS = NO;
				SWIFT_OPTIMIZATION_LEVEL = "-Onone";
				SWIFT_VERSION = 5.0;
				TARGETED_DEVICE_FAMILY = "1,2";
				TEST_HOST = "$(BUILT_PRODUCTS_DIR)/NedsDevelopment.app/$(BUNDLE_EXECUTABLE_FOLDER_PATH)/NedsDevelopment";
			};
			name = Development;
		};
		7634A1302D18CD2D001FAD36 /* Production */ = {
			isa = XCBuildConfiguration;
			buildSettings = {
				ALWAYS_SEARCH_USER_PATHS = NO;
				ASSETCATALOG_COMPILER_GENERATE_SWIFT_ASSET_SYMBOL_EXTENSIONS = YES;
				BUNDLE_LOADER = "$(TEST_HOST)";
				CLANG_ANALYZER_NONNULL = YES;
				CLANG_ANALYZER_NUMBER_OBJECT_CONVERSION = YES_AGGRESSIVE;
				CLANG_CXX_LANGUAGE_STANDARD = "gnu++20";
				CLANG_ENABLE_MODULES = YES;
				CLANG_ENABLE_OBJC_ARC = YES;
				CLANG_ENABLE_OBJC_WEAK = YES;
				CLANG_WARN_BLOCK_CAPTURE_AUTORELEASING = YES;
				CLANG_WARN_BOOL_CONVERSION = YES;
				CLANG_WARN_COMMA = YES;
				CLANG_WARN_CONSTANT_CONVERSION = YES;
				CLANG_WARN_DEPRECATED_OBJC_IMPLEMENTATIONS = YES;
				CLANG_WARN_DIRECT_OBJC_ISA_USAGE = YES_ERROR;
				CLANG_WARN_DOCUMENTATION_COMMENTS = YES;
				CLANG_WARN_EMPTY_BODY = YES;
				CLANG_WARN_ENUM_CONVERSION = YES;
				CLANG_WARN_INFINITE_RECURSION = YES;
				CLANG_WARN_INT_CONVERSION = YES;
				CLANG_WARN_NON_LITERAL_NULL_CONVERSION = YES;
				CLANG_WARN_OBJC_IMPLICIT_RETAIN_SELF = YES;
				CLANG_WARN_OBJC_LITERAL_CONVERSION = YES;
				CLANG_WARN_OBJC_ROOT_CLASS = YES_ERROR;
				CLANG_WARN_QUOTED_INCLUDE_IN_FRAMEWORK_HEADER = YES;
				CLANG_WARN_RANGE_LOOP_ANALYSIS = YES;
				CLANG_WARN_STRICT_PROTOTYPES = YES;
				CLANG_WARN_SUSPICIOUS_MOVE = YES;
				CLANG_WARN_UNGUARDED_AVAILABILITY = YES_AGGRESSIVE;
				CLANG_WARN_UNREACHABLE_CODE = YES;
				CLANG_WARN__DUPLICATE_METHOD_MATCH = YES;
				CODE_SIGN_STYLE = Automatic;
				COPY_PHASE_STRIP = NO;
				CURRENT_PROJECT_VERSION = 1;
				DEBUG_INFORMATION_FORMAT = "dwarf-with-dsym";
				ENABLE_NS_ASSERTIONS = NO;
				ENABLE_STRICT_OBJC_MSGSEND = YES;
				ENABLE_USER_SCRIPT_SANDBOXING = YES;
				GCC_C_LANGUAGE_STANDARD = gnu17;
				GCC_NO_COMMON_BLOCKS = YES;
				GCC_WARN_64_TO_32_BIT_CONVERSION = YES;
				GCC_WARN_ABOUT_RETURN_TYPE = YES_ERROR;
				GCC_WARN_UNDECLARED_SELECTOR = YES;
				GCC_WARN_UNINITIALIZED_AUTOS = YES_AGGRESSIVE;
				GCC_WARN_UNUSED_FUNCTION = YES;
				GCC_WARN_UNUSED_VARIABLE = YES;
				GENERATE_INFOPLIST_FILE = YES;
				IPHONEOS_DEPLOYMENT_TARGET = 18.0;
				LOCALIZATION_PREFERS_STRING_CATALOGS = YES;
				MACOSX_DEPLOYMENT_TARGET = 14.0;
				MARKETING_VERSION = 1.0;
				MTL_ENABLE_DEBUG_INFO = NO;
				MTL_FAST_MATH = YES;
				PRODUCT_BUNDLE_IDENTIFIER = com.test.NedsTests;
				PRODUCT_NAME = "$(TARGET_NAME)";
				SDKROOT = auto;
				SUPPORTED_PLATFORMS = "iphoneos iphonesimulator macosx";
				SWIFT_COMPILATION_MODE = wholemodule;
				SWIFT_EMIT_LOC_STRINGS = NO;
				SWIFT_VERSION = 5.0;
				TARGETED_DEVICE_FAMILY = "1,2";
				TEST_HOST = "$(BUILT_PRODUCTS_DIR)/NedsDevelopment.app/$(BUNDLE_EXECUTABLE_FOLDER_PATH)/NedsDevelopment";
			};
			name = Production;
		};
		7634A1A52D1A1657001FAD36 /* Development */ = {
			isa = XCBuildConfiguration;
			buildSettings = {
				ALWAYS_SEARCH_USER_PATHS = NO;
				ASSETCATALOG_COMPILER_APPICON_NAME = AppIcon;
				ASSETCATALOG_COMPILER_GENERATE_SWIFT_ASSET_SYMBOL_EXTENSIONS = YES;
				ASSETCATALOG_COMPILER_GLOBAL_ACCENT_COLOR_NAME = AccentColor;
				CLANG_ANALYZER_NONNULL = YES;
				CLANG_ANALYZER_NUMBER_OBJECT_CONVERSION = YES_AGGRESSIVE;
				CLANG_CXX_LANGUAGE_STANDARD = "gnu++20";
				CLANG_ENABLE_MODULES = YES;
				CLANG_ENABLE_OBJC_ARC = YES;
				CLANG_ENABLE_OBJC_WEAK = YES;
				CLANG_WARN_BLOCK_CAPTURE_AUTORELEASING = YES;
				CLANG_WARN_BOOL_CONVERSION = YES;
				CLANG_WARN_COMMA = YES;
				CLANG_WARN_CONSTANT_CONVERSION = YES;
				CLANG_WARN_DEPRECATED_OBJC_IMPLEMENTATIONS = YES;
				CLANG_WARN_DIRECT_OBJC_ISA_USAGE = YES_ERROR;
				CLANG_WARN_DOCUMENTATION_COMMENTS = YES;
				CLANG_WARN_EMPTY_BODY = YES;
				CLANG_WARN_ENUM_CONVERSION = YES;
				CLANG_WARN_INFINITE_RECURSION = YES;
				CLANG_WARN_INT_CONVERSION = YES;
				CLANG_WARN_NON_LITERAL_NULL_CONVERSION = YES;
				CLANG_WARN_OBJC_IMPLICIT_RETAIN_SELF = YES;
				CLANG_WARN_OBJC_LITERAL_CONVERSION = YES;
				CLANG_WARN_OBJC_ROOT_CLASS = YES_ERROR;
				CLANG_WARN_QUOTED_INCLUDE_IN_FRAMEWORK_HEADER = YES;
				CLANG_WARN_RANGE_LOOP_ANALYSIS = YES;
				CLANG_WARN_STRICT_PROTOTYPES = YES;
				CLANG_WARN_SUSPICIOUS_MOVE = YES;
				CLANG_WARN_UNGUARDED_AVAILABILITY = YES_AGGRESSIVE;
				CLANG_WARN_UNREACHABLE_CODE = YES;
				CLANG_WARN__DUPLICATE_METHOD_MATCH = YES;
				CODE_SIGN_STYLE = Automatic;
				COPY_PHASE_STRIP = NO;
				CURRENT_PROJECT_VERSION = 1;
				DEBUG_INFORMATION_FORMAT = dwarf;
				DEVELOPMENT_ASSET_PATHS = "\"Neds/Preview Content\"";
				DEVELOPMENT_TEAM = 76G3LT2573;
				ENABLE_PREVIEWS = YES;
				ENABLE_STRICT_OBJC_MSGSEND = YES;
				ENABLE_TESTABILITY = YES;
				ENABLE_USER_SCRIPT_SANDBOXING = YES;
				GCC_C_LANGUAGE_STANDARD = gnu17;
				GCC_DYNAMIC_NO_PIC = NO;
				GCC_NO_COMMON_BLOCKS = YES;
				GCC_OPTIMIZATION_LEVEL = 0;
				GCC_PREPROCESSOR_DEFINITIONS = (
					"DEBUG=1",
					"$(inherited)",
				);
				GCC_WARN_64_TO_32_BIT_CONVERSION = YES;
				GCC_WARN_ABOUT_RETURN_TYPE = YES_ERROR;
				GCC_WARN_UNDECLARED_SELECTOR = YES;
				GCC_WARN_UNINITIALIZED_AUTOS = YES_AGGRESSIVE;
				GCC_WARN_UNUSED_FUNCTION = YES;
				GCC_WARN_UNUSED_VARIABLE = YES;
				GENERATE_INFOPLIST_FILE = YES;
				INFOPLIST_KEY_CFBundleDisplayName = "Neds Dev";
				INFOPLIST_KEY_UIApplicationSceneManifest_Generation = YES;
				INFOPLIST_KEY_UIApplicationSupportsIndirectInputEvents = YES;
				INFOPLIST_KEY_UILaunchScreen_Generation = YES;
				INFOPLIST_KEY_UILaunchStoryboardName = NedsLaunchScreen.storyboard;
				INFOPLIST_KEY_UISupportedInterfaceOrientations = UIInterfaceOrientationPortrait;
				IPHONEOS_DEPLOYMENT_TARGET = 18.0;
				LD_RUNPATH_SEARCH_PATHS = (
					"$(inherited)",
					"@executable_path/Frameworks",
				);
				LOCALIZATION_PREFERS_STRING_CATALOGS = YES;
				MARKETING_VERSION = 1.0;
				MTL_ENABLE_DEBUG_INFO = INCLUDE_SOURCE;
				MTL_FAST_MATH = YES;
				ONLY_ACTIVE_ARCH = YES;
				PRODUCT_BUNDLE_IDENTIFIER = com.test.ndev;
				PRODUCT_NAME = "$(TARGET_NAME)";
				SDKROOT = iphoneos;
				SUPPORTED_PLATFORMS = "iphoneos iphonesimulator";
				SUPPORTS_MACCATALYST = NO;
				SUPPORTS_MAC_DESIGNED_FOR_IPHONE_IPAD = NO;
				SUPPORTS_XR_DESIGNED_FOR_IPHONE_IPAD = NO;
				SWIFT_ACTIVE_COMPILATION_CONDITIONS = "DEBUG $(inherited)";
				SWIFT_EMIT_LOC_STRINGS = YES;
				SWIFT_OPTIMIZATION_LEVEL = "-Onone";
				SWIFT_VERSION = 6.0;
				TARGETED_DEVICE_FAMILY = 1;
			};
			name = Development;
		};
		7634A1A62D1A1657001FAD36 /* Production */ = {
			isa = XCBuildConfiguration;
			buildSettings = {
				ALWAYS_SEARCH_USER_PATHS = NO;
				ASSETCATALOG_COMPILER_APPICON_NAME = AppIcon;
				ASSETCATALOG_COMPILER_GENERATE_SWIFT_ASSET_SYMBOL_EXTENSIONS = YES;
				ASSETCATALOG_COMPILER_GLOBAL_ACCENT_COLOR_NAME = AccentColor;
				CLANG_ANALYZER_NONNULL = YES;
				CLANG_ANALYZER_NUMBER_OBJECT_CONVERSION = YES_AGGRESSIVE;
				CLANG_CXX_LANGUAGE_STANDARD = "gnu++20";
				CLANG_ENABLE_MODULES = YES;
				CLANG_ENABLE_OBJC_ARC = YES;
				CLANG_ENABLE_OBJC_WEAK = YES;
				CLANG_WARN_BLOCK_CAPTURE_AUTORELEASING = YES;
				CLANG_WARN_BOOL_CONVERSION = YES;
				CLANG_WARN_COMMA = YES;
				CLANG_WARN_CONSTANT_CONVERSION = YES;
				CLANG_WARN_DEPRECATED_OBJC_IMPLEMENTATIONS = YES;
				CLANG_WARN_DIRECT_OBJC_ISA_USAGE = YES_ERROR;
				CLANG_WARN_DOCUMENTATION_COMMENTS = YES;
				CLANG_WARN_EMPTY_BODY = YES;
				CLANG_WARN_ENUM_CONVERSION = YES;
				CLANG_WARN_INFINITE_RECURSION = YES;
				CLANG_WARN_INT_CONVERSION = YES;
				CLANG_WARN_NON_LITERAL_NULL_CONVERSION = YES;
				CLANG_WARN_OBJC_IMPLICIT_RETAIN_SELF = YES;
				CLANG_WARN_OBJC_LITERAL_CONVERSION = YES;
				CLANG_WARN_OBJC_ROOT_CLASS = YES_ERROR;
				CLANG_WARN_QUOTED_INCLUDE_IN_FRAMEWORK_HEADER = YES;
				CLANG_WARN_RANGE_LOOP_ANALYSIS = YES;
				CLANG_WARN_STRICT_PROTOTYPES = YES;
				CLANG_WARN_SUSPICIOUS_MOVE = YES;
				CLANG_WARN_UNGUARDED_AVAILABILITY = YES_AGGRESSIVE;
				CLANG_WARN_UNREACHABLE_CODE = YES;
				CLANG_WARN__DUPLICATE_METHOD_MATCH = YES;
				CODE_SIGN_STYLE = Automatic;
				COPY_PHASE_STRIP = NO;
				CURRENT_PROJECT_VERSION = 1;
				DEBUG_INFORMATION_FORMAT = "dwarf-with-dsym";
				DEVELOPMENT_ASSET_PATHS = "\"Neds/Preview Content\"";
				DEVELOPMENT_TEAM = 76G3LT2573;
				ENABLE_NS_ASSERTIONS = NO;
				ENABLE_PREVIEWS = YES;
				ENABLE_STRICT_OBJC_MSGSEND = YES;
				ENABLE_USER_SCRIPT_SANDBOXING = YES;
				GCC_C_LANGUAGE_STANDARD = gnu17;
				GCC_NO_COMMON_BLOCKS = YES;
				GCC_WARN_64_TO_32_BIT_CONVERSION = YES;
				GCC_WARN_ABOUT_RETURN_TYPE = YES_ERROR;
				GCC_WARN_UNDECLARED_SELECTOR = YES;
				GCC_WARN_UNINITIALIZED_AUTOS = YES_AGGRESSIVE;
				GCC_WARN_UNUSED_FUNCTION = YES;
				GCC_WARN_UNUSED_VARIABLE = YES;
				GENERATE_INFOPLIST_FILE = YES;
				INFOPLIST_KEY_CFBundleDisplayName = "Neds Dev";
				INFOPLIST_KEY_UIApplicationSceneManifest_Generation = YES;
				INFOPLIST_KEY_UIApplicationSupportsIndirectInputEvents = YES;
				INFOPLIST_KEY_UILaunchScreen_Generation = YES;
				INFOPLIST_KEY_UILaunchStoryboardName = NedsLaunchScreen.storyboard;
				INFOPLIST_KEY_UISupportedInterfaceOrientations = UIInterfaceOrientationPortrait;
				IPHONEOS_DEPLOYMENT_TARGET = 18.0;
				LD_RUNPATH_SEARCH_PATHS = (
					"$(inherited)",
					"@executable_path/Frameworks",
				);
				LOCALIZATION_PREFERS_STRING_CATALOGS = YES;
				MARKETING_VERSION = 1.0;
				MTL_ENABLE_DEBUG_INFO = NO;
				MTL_FAST_MATH = YES;
				PRODUCT_BUNDLE_IDENTIFIER = com.test.ndev;
				PRODUCT_NAME = "$(TARGET_NAME)";
				SDKROOT = iphoneos;
				SUPPORTED_PLATFORMS = "iphoneos iphonesimulator";
				SUPPORTS_MACCATALYST = NO;
				SUPPORTS_MAC_DESIGNED_FOR_IPHONE_IPAD = NO;
				SUPPORTS_XR_DESIGNED_FOR_IPHONE_IPAD = NO;
				SWIFT_COMPILATION_MODE = wholemodule;
				SWIFT_EMIT_LOC_STRINGS = YES;
				SWIFT_VERSION = 6.0;
				TARGETED_DEVICE_FAMILY = 1;
				VALIDATE_PRODUCT = YES;
			};
			name = Production;
		};
		7634A1B72D1A1677001FAD36 /* Development */ = {
			isa = XCBuildConfiguration;
			buildSettings = {
				ALWAYS_SEARCH_USER_PATHS = NO;
				ASSETCATALOG_COMPILER_APPICON_NAME = AppIcon;
				ASSETCATALOG_COMPILER_GENERATE_SWIFT_ASSET_SYMBOL_EXTENSIONS = YES;
				ASSETCATALOG_COMPILER_GLOBAL_ACCENT_COLOR_NAME = AccentColor;
				CLANG_ANALYZER_NONNULL = YES;
				CLANG_ANALYZER_NUMBER_OBJECT_CONVERSION = YES_AGGRESSIVE;
				CLANG_CXX_LANGUAGE_STANDARD = "gnu++20";
				CLANG_ENABLE_MODULES = YES;
				CLANG_ENABLE_OBJC_ARC = YES;
				CLANG_ENABLE_OBJC_WEAK = YES;
				CLANG_WARN_BLOCK_CAPTURE_AUTORELEASING = YES;
				CLANG_WARN_BOOL_CONVERSION = YES;
				CLANG_WARN_COMMA = YES;
				CLANG_WARN_CONSTANT_CONVERSION = YES;
				CLANG_WARN_DEPRECATED_OBJC_IMPLEMENTATIONS = YES;
				CLANG_WARN_DIRECT_OBJC_ISA_USAGE = YES_ERROR;
				CLANG_WARN_DOCUMENTATION_COMMENTS = YES;
				CLANG_WARN_EMPTY_BODY = YES;
				CLANG_WARN_ENUM_CONVERSION = YES;
				CLANG_WARN_INFINITE_RECURSION = YES;
				CLANG_WARN_INT_CONVERSION = YES;
				CLANG_WARN_NON_LITERAL_NULL_CONVERSION = YES;
				CLANG_WARN_OBJC_IMPLICIT_RETAIN_SELF = YES;
				CLANG_WARN_OBJC_LITERAL_CONVERSION = YES;
				CLANG_WARN_OBJC_ROOT_CLASS = YES_ERROR;
				CLANG_WARN_QUOTED_INCLUDE_IN_FRAMEWORK_HEADER = YES;
				CLANG_WARN_RANGE_LOOP_ANALYSIS = YES;
				CLANG_WARN_STRICT_PROTOTYPES = YES;
				CLANG_WARN_SUSPICIOUS_MOVE = YES;
				CLANG_WARN_UNGUARDED_AVAILABILITY = YES_AGGRESSIVE;
				CLANG_WARN_UNREACHABLE_CODE = YES;
				CLANG_WARN__DUPLICATE_METHOD_MATCH = YES;
				CODE_SIGN_STYLE = Automatic;
				COPY_PHASE_STRIP = NO;
				CURRENT_PROJECT_VERSION = 1;
				DEBUG_INFORMATION_FORMAT = dwarf;
				DEVELOPMENT_ASSET_PATHS = "\"Neds/Preview Content\"";
				DEVELOPMENT_TEAM = 76G3LT2573;
				ENABLE_PREVIEWS = YES;
				ENABLE_STRICT_OBJC_MSGSEND = YES;
				ENABLE_TESTABILITY = YES;
				ENABLE_USER_SCRIPT_SANDBOXING = YES;
				GCC_C_LANGUAGE_STANDARD = gnu17;
				GCC_DYNAMIC_NO_PIC = NO;
				GCC_NO_COMMON_BLOCKS = YES;
				GCC_OPTIMIZATION_LEVEL = 0;
				GCC_PREPROCESSOR_DEFINITIONS = (
					"DEBUG=1",
					"$(inherited)",
				);
				GCC_WARN_64_TO_32_BIT_CONVERSION = YES;
				GCC_WARN_ABOUT_RETURN_TYPE = YES_ERROR;
				GCC_WARN_UNDECLARED_SELECTOR = YES;
				GCC_WARN_UNINITIALIZED_AUTOS = YES_AGGRESSIVE;
				GCC_WARN_UNUSED_FUNCTION = YES;
				GCC_WARN_UNUSED_VARIABLE = YES;
				GENERATE_INFOPLIST_FILE = YES;
				INFOPLIST_KEY_CFBundleDisplayName = Neds;
				INFOPLIST_KEY_UIApplicationSceneManifest_Generation = YES;
				INFOPLIST_KEY_UIApplicationSupportsIndirectInputEvents = YES;
				INFOPLIST_KEY_UILaunchScreen_Generation = YES;
				INFOPLIST_KEY_UILaunchStoryboardName = NedsLaunchScreen.storyboard;
				INFOPLIST_KEY_UISupportedInterfaceOrientations = UIInterfaceOrientationPortrait;
				INFOPLIST_KEY_UISupportedInterfaceOrientations_iPad = "UIInterfaceOrientationLandscapeLeft UIInterfaceOrientationLandscapeRight UIInterfaceOrientationPortrait UIInterfaceOrientationPortraitUpsideDown";
				IPHONEOS_DEPLOYMENT_TARGET = 18.0;
				LD_RUNPATH_SEARCH_PATHS = (
					"$(inherited)",
					"@executable_path/Frameworks",
				);
				LOCALIZATION_PREFERS_STRING_CATALOGS = YES;
				MARKETING_VERSION = 1.0;
				MTL_ENABLE_DEBUG_INFO = INCLUDE_SOURCE;
				MTL_FAST_MATH = YES;
				ONLY_ACTIVE_ARCH = YES;
				PRODUCT_BUNDLE_IDENTIFIER = com.test.nprd;
				PRODUCT_NAME = "$(TARGET_NAME)";
				SDKROOT = iphoneos;
				SUPPORTED_PLATFORMS = "iphoneos iphonesimulator";
				SUPPORTS_MACCATALYST = NO;
				SUPPORTS_MAC_DESIGNED_FOR_IPHONE_IPAD = NO;
				SUPPORTS_XR_DESIGNED_FOR_IPHONE_IPAD = NO;
				SWIFT_ACTIVE_COMPILATION_CONDITIONS = "DEBUG $(inherited)";
				SWIFT_EMIT_LOC_STRINGS = YES;
				SWIFT_OPTIMIZATION_LEVEL = "-Onone";
				SWIFT_VERSION = 6.0;
				TARGETED_DEVICE_FAMILY = 1;
			};
			name = Development;
		};
		7634A1B82D1A1677001FAD36 /* Production */ = {
			isa = XCBuildConfiguration;
			buildSettings = {
				ALWAYS_SEARCH_USER_PATHS = NO;
				ASSETCATALOG_COMPILER_APPICON_NAME = AppIcon;
				ASSETCATALOG_COMPILER_GENERATE_SWIFT_ASSET_SYMBOL_EXTENSIONS = YES;
				ASSETCATALOG_COMPILER_GLOBAL_ACCENT_COLOR_NAME = AccentColor;
				CLANG_ANALYZER_NONNULL = YES;
				CLANG_ANALYZER_NUMBER_OBJECT_CONVERSION = YES_AGGRESSIVE;
				CLANG_CXX_LANGUAGE_STANDARD = "gnu++20";
				CLANG_ENABLE_MODULES = YES;
				CLANG_ENABLE_OBJC_ARC = YES;
				CLANG_ENABLE_OBJC_WEAK = YES;
				CLANG_WARN_BLOCK_CAPTURE_AUTORELEASING = YES;
				CLANG_WARN_BOOL_CONVERSION = YES;
				CLANG_WARN_COMMA = YES;
				CLANG_WARN_CONSTANT_CONVERSION = YES;
				CLANG_WARN_DEPRECATED_OBJC_IMPLEMENTATIONS = YES;
				CLANG_WARN_DIRECT_OBJC_ISA_USAGE = YES_ERROR;
				CLANG_WARN_DOCUMENTATION_COMMENTS = YES;
				CLANG_WARN_EMPTY_BODY = YES;
				CLANG_WARN_ENUM_CONVERSION = YES;
				CLANG_WARN_INFINITE_RECURSION = YES;
				CLANG_WARN_INT_CONVERSION = YES;
				CLANG_WARN_NON_LITERAL_NULL_CONVERSION = YES;
				CLANG_WARN_OBJC_IMPLICIT_RETAIN_SELF = YES;
				CLANG_WARN_OBJC_LITERAL_CONVERSION = YES;
				CLANG_WARN_OBJC_ROOT_CLASS = YES_ERROR;
				CLANG_WARN_QUOTED_INCLUDE_IN_FRAMEWORK_HEADER = YES;
				CLANG_WARN_RANGE_LOOP_ANALYSIS = YES;
				CLANG_WARN_STRICT_PROTOTYPES = YES;
				CLANG_WARN_SUSPICIOUS_MOVE = YES;
				CLANG_WARN_UNGUARDED_AVAILABILITY = YES_AGGRESSIVE;
				CLANG_WARN_UNREACHABLE_CODE = YES;
				CLANG_WARN__DUPLICATE_METHOD_MATCH = YES;
				CODE_SIGN_STYLE = Automatic;
				COPY_PHASE_STRIP = NO;
				CURRENT_PROJECT_VERSION = 1;
				DEBUG_INFORMATION_FORMAT = "dwarf-with-dsym";
				DEVELOPMENT_ASSET_PATHS = "\"Neds/Preview Content\"";
				DEVELOPMENT_TEAM = 76G3LT2573;
				ENABLE_NS_ASSERTIONS = NO;
				ENABLE_PREVIEWS = YES;
				ENABLE_STRICT_OBJC_MSGSEND = YES;
				ENABLE_USER_SCRIPT_SANDBOXING = YES;
				GCC_C_LANGUAGE_STANDARD = gnu17;
				GCC_NO_COMMON_BLOCKS = YES;
				GCC_WARN_64_TO_32_BIT_CONVERSION = YES;
				GCC_WARN_ABOUT_RETURN_TYPE = YES_ERROR;
				GCC_WARN_UNDECLARED_SELECTOR = YES;
				GCC_WARN_UNINITIALIZED_AUTOS = YES_AGGRESSIVE;
				GCC_WARN_UNUSED_FUNCTION = YES;
				GCC_WARN_UNUSED_VARIABLE = YES;
				GENERATE_INFOPLIST_FILE = YES;
				INFOPLIST_KEY_CFBundleDisplayName = Neds;
				INFOPLIST_KEY_UIApplicationSceneManifest_Generation = YES;
				INFOPLIST_KEY_UIApplicationSupportsIndirectInputEvents = YES;
				INFOPLIST_KEY_UILaunchScreen_Generation = YES;
				INFOPLIST_KEY_UILaunchStoryboardName = NedsLaunchScreen.storyboard;
				INFOPLIST_KEY_UISupportedInterfaceOrientations = UIInterfaceOrientationPortrait;
				INFOPLIST_KEY_UISupportedInterfaceOrientations_iPad = "UIInterfaceOrientationLandscapeLeft UIInterfaceOrientationLandscapeRight UIInterfaceOrientationPortrait UIInterfaceOrientationPortraitUpsideDown";
				IPHONEOS_DEPLOYMENT_TARGET = 18.0;
				LD_RUNPATH_SEARCH_PATHS = (
					"$(inherited)",
					"@executable_path/Frameworks",
				);
				LOCALIZATION_PREFERS_STRING_CATALOGS = YES;
				MARKETING_VERSION = 1.0;
				MTL_ENABLE_DEBUG_INFO = NO;
				MTL_FAST_MATH = YES;
				PRODUCT_BUNDLE_IDENTIFIER = com.test.nprd;
				PRODUCT_NAME = "$(TARGET_NAME)";
				SDKROOT = iphoneos;
				SUPPORTED_PLATFORMS = "iphoneos iphonesimulator";
				SUPPORTS_MACCATALYST = NO;
				SUPPORTS_MAC_DESIGNED_FOR_IPHONE_IPAD = NO;
				SUPPORTS_XR_DESIGNED_FOR_IPHONE_IPAD = NO;
				SWIFT_COMPILATION_MODE = wholemodule;
				SWIFT_EMIT_LOC_STRINGS = YES;
				SWIFT_VERSION = 6.0;
				TARGETED_DEVICE_FAMILY = 1;
				VALIDATE_PRODUCT = YES;
			};
			name = Production;
		};
		767931A42D14C8C300D99D92 /* Development */ = {
			isa = XCBuildConfiguration;
			buildSettings = {
				ALWAYS_SEARCH_USER_PATHS = NO;
				ASSETCATALOG_COMPILER_GENERATE_SWIFT_ASSET_SYMBOL_EXTENSIONS = YES;
				CLANG_ANALYZER_NONNULL = YES;
				CLANG_ANALYZER_NUMBER_OBJECT_CONVERSION = YES_AGGRESSIVE;
				CLANG_CXX_LANGUAGE_STANDARD = "gnu++20";
				CLANG_ENABLE_MODULES = YES;
				CLANG_ENABLE_OBJC_ARC = YES;
				CLANG_ENABLE_OBJC_WEAK = YES;
				CLANG_WARN_BLOCK_CAPTURE_AUTORELEASING = YES;
				CLANG_WARN_BOOL_CONVERSION = YES;
				CLANG_WARN_COMMA = YES;
				CLANG_WARN_CONSTANT_CONVERSION = YES;
				CLANG_WARN_DEPRECATED_OBJC_IMPLEMENTATIONS = YES;
				CLANG_WARN_DIRECT_OBJC_ISA_USAGE = YES_ERROR;
				CLANG_WARN_DOCUMENTATION_COMMENTS = YES;
				CLANG_WARN_EMPTY_BODY = YES;
				CLANG_WARN_ENUM_CONVERSION = YES;
				CLANG_WARN_INFINITE_RECURSION = YES;
				CLANG_WARN_INT_CONVERSION = YES;
				CLANG_WARN_NON_LITERAL_NULL_CONVERSION = YES;
				CLANG_WARN_OBJC_IMPLICIT_RETAIN_SELF = YES;
				CLANG_WARN_OBJC_LITERAL_CONVERSION = YES;
				CLANG_WARN_OBJC_ROOT_CLASS = YES_ERROR;
				CLANG_WARN_QUOTED_INCLUDE_IN_FRAMEWORK_HEADER = YES;
				CLANG_WARN_RANGE_LOOP_ANALYSIS = YES;
				CLANG_WARN_STRICT_PROTOTYPES = YES;
				CLANG_WARN_SUSPICIOUS_MOVE = YES;
				CLANG_WARN_UNGUARDED_AVAILABILITY = YES_AGGRESSIVE;
				CLANG_WARN_UNREACHABLE_CODE = YES;
				CLANG_WARN__DUPLICATE_METHOD_MATCH = YES;
				COPY_PHASE_STRIP = NO;
				DEBUG_INFORMATION_FORMAT = dwarf;
				ENABLE_STRICT_OBJC_MSGSEND = YES;
				ENABLE_TESTABILITY = YES;
				ENABLE_USER_SCRIPT_SANDBOXING = YES;
				GCC_C_LANGUAGE_STANDARD = gnu17;
				GCC_DYNAMIC_NO_PIC = NO;
				GCC_NO_COMMON_BLOCKS = YES;
				GCC_OPTIMIZATION_LEVEL = 0;
				GCC_PREPROCESSOR_DEFINITIONS = (
					"DEBUG=1",
					"$(inherited)",
				);
				GCC_WARN_64_TO_32_BIT_CONVERSION = YES;
				GCC_WARN_ABOUT_RETURN_TYPE = YES_ERROR;
				GCC_WARN_UNDECLARED_SELECTOR = YES;
				GCC_WARN_UNINITIALIZED_AUTOS = YES_AGGRESSIVE;
				GCC_WARN_UNUSED_FUNCTION = YES;
				GCC_WARN_UNUSED_VARIABLE = YES;
				INFOPLIST_KEY_UILaunchScreen_Generation = NO;
				INFOPLIST_KEY_UILaunchStoryboardName = NedsLaunchScreen.storyboard;
				IPHONEOS_DEPLOYMENT_TARGET = 18.0;
				LOCALIZATION_PREFERS_STRING_CATALOGS = YES;
				MTL_ENABLE_DEBUG_INFO = INCLUDE_SOURCE;
				MTL_FAST_MATH = YES;
				ONLY_ACTIVE_ARCH = YES;
				SDKROOT = iphoneos;
				SWIFT_ACTIVE_COMPILATION_CONDITIONS = "DEBUG $(inherited)";
				SWIFT_OPTIMIZATION_LEVEL = "-Onone";
				SWIFT_STRICT_CONCURRENCY = complete;
			};
			name = Development;
		};
		767931A62D14C8D600D99D92 /* Production */ = {
			isa = XCBuildConfiguration;
			buildSettings = {
				ALWAYS_SEARCH_USER_PATHS = NO;
				ASSETCATALOG_COMPILER_GENERATE_SWIFT_ASSET_SYMBOL_EXTENSIONS = YES;
				CLANG_ANALYZER_NONNULL = YES;
				CLANG_ANALYZER_NUMBER_OBJECT_CONVERSION = YES_AGGRESSIVE;
				CLANG_CXX_LANGUAGE_STANDARD = "gnu++20";
				CLANG_ENABLE_MODULES = YES;
				CLANG_ENABLE_OBJC_ARC = YES;
				CLANG_ENABLE_OBJC_WEAK = YES;
				CLANG_WARN_BLOCK_CAPTURE_AUTORELEASING = YES;
				CLANG_WARN_BOOL_CONVERSION = YES;
				CLANG_WARN_COMMA = YES;
				CLANG_WARN_CONSTANT_CONVERSION = YES;
				CLANG_WARN_DEPRECATED_OBJC_IMPLEMENTATIONS = YES;
				CLANG_WARN_DIRECT_OBJC_ISA_USAGE = YES_ERROR;
				CLANG_WARN_DOCUMENTATION_COMMENTS = YES;
				CLANG_WARN_EMPTY_BODY = YES;
				CLANG_WARN_ENUM_CONVERSION = YES;
				CLANG_WARN_INFINITE_RECURSION = YES;
				CLANG_WARN_INT_CONVERSION = YES;
				CLANG_WARN_NON_LITERAL_NULL_CONVERSION = YES;
				CLANG_WARN_OBJC_IMPLICIT_RETAIN_SELF = YES;
				CLANG_WARN_OBJC_LITERAL_CONVERSION = YES;
				CLANG_WARN_OBJC_ROOT_CLASS = YES_ERROR;
				CLANG_WARN_QUOTED_INCLUDE_IN_FRAMEWORK_HEADER = YES;
				CLANG_WARN_RANGE_LOOP_ANALYSIS = YES;
				CLANG_WARN_STRICT_PROTOTYPES = YES;
				CLANG_WARN_SUSPICIOUS_MOVE = YES;
				CLANG_WARN_UNGUARDED_AVAILABILITY = YES_AGGRESSIVE;
				CLANG_WARN_UNREACHABLE_CODE = YES;
				CLANG_WARN__DUPLICATE_METHOD_MATCH = YES;
				COPY_PHASE_STRIP = NO;
				DEBUG_INFORMATION_FORMAT = "dwarf-with-dsym";
				ENABLE_NS_ASSERTIONS = NO;
				ENABLE_STRICT_OBJC_MSGSEND = YES;
				ENABLE_USER_SCRIPT_SANDBOXING = YES;
				GCC_C_LANGUAGE_STANDARD = gnu17;
				GCC_NO_COMMON_BLOCKS = YES;
				GCC_OPTIMIZATION_LEVEL = 0;
				GCC_WARN_64_TO_32_BIT_CONVERSION = YES;
				GCC_WARN_ABOUT_RETURN_TYPE = YES_ERROR;
				GCC_WARN_UNDECLARED_SELECTOR = YES;
				GCC_WARN_UNINITIALIZED_AUTOS = YES_AGGRESSIVE;
				GCC_WARN_UNUSED_FUNCTION = YES;
				GCC_WARN_UNUSED_VARIABLE = YES;
				INFOPLIST_KEY_UILaunchScreen_Generation = NO;
				INFOPLIST_KEY_UILaunchStoryboardName = NedsLaunchScreen.storyboard;
				IPHONEOS_DEPLOYMENT_TARGET = 18.0;
				LOCALIZATION_PREFERS_STRING_CATALOGS = YES;
				MTL_ENABLE_DEBUG_INFO = NO;
				MTL_FAST_MATH = YES;
				SDKROOT = iphoneos;
				SWIFT_COMPILATION_MODE = wholemodule;
				SWIFT_STRICT_CONCURRENCY = complete;
				VALIDATE_PRODUCT = YES;
			};
			name = Production;
		};
/* End XCBuildConfiguration section */

/* Begin XCConfigurationList section */
		7634A12E2D18CD2D001FAD36 /* Build configuration list for PBXNativeTarget "NedsTests" */ = {
			isa = XCConfigurationList;
			buildConfigurations = (
				7634A12F2D18CD2D001FAD36 /* Development */,
				7634A1302D18CD2D001FAD36 /* Production */,
			);
			defaultConfigurationIsVisible = 0;
			defaultConfigurationName = Production;
		};
		7634A1A42D1A1657001FAD36 /* Build configuration list for PBXNativeTarget "NedsDevelopment" */ = {
			isa = XCConfigurationList;
			buildConfigurations = (
				7634A1A52D1A1657001FAD36 /* Development */,
				7634A1A62D1A1657001FAD36 /* Production */,
			);
			defaultConfigurationIsVisible = 0;
			defaultConfigurationName = Production;
		};
		7634A1B62D1A1677001FAD36 /* Build configuration list for PBXNativeTarget "NedsProduction" */ = {
			isa = XCConfigurationList;
			buildConfigurations = (
				7634A1B72D1A1677001FAD36 /* Development */,
				7634A1B82D1A1677001FAD36 /* Production */,
			);
			defaultConfigurationIsVisible = 0;
			defaultConfigurationName = Production;
		};
		767931792D143E7700D99D92 /* Build configuration list for PBXProject "Neds" */ = {
			isa = XCConfigurationList;
			buildConfigurations = (
				767931A42D14C8C300D99D92 /* Development */,
				767931A62D14C8D600D99D92 /* Production */,
			);
			defaultConfigurationIsVisible = 0;
			defaultConfigurationName = Production;
		};
/* End XCConfigurationList section */
	};
	rootObject = 767931762D143E7700D99D92 /* Project object */;
}
